
Microsoft Visual Studio Solution File, Format Version 12.00
# Visual Studio Version 17
VisualStudioVersion = 17.0.31903.59
MinimumVisualStudioVersion = 10.0.40219.1
Project("{2150E333-8FDC-42A3-9474-1A3956D46DE8}") = "src", "src", "{827E0CD3-B72D-47B6-A68D-7590B98EB39B}"
EndProject
Project("{FAE04EC0-301F-11D3-BF4B-00C04F79EFBC}") = "HarnessLab.Domain", "src\HarnessLab.Domain\HarnessLab.Domain.csproj", "{90A84723-3725-42C0-9B3A-FC17CC0EE5BF}"
EndProject
Project("{FAE04EC0-301F-11D3-BF4B-00C04F79EFBC}") = "HarnessLab.Application", "src\HarnessLab.Application\HarnessLab.Application.csproj", "{1058DE42-030B-4959-B5D9-9F17A6ED3B31}"
EndProject
Project("{FAE04EC0-301F-11D3-BF4B-00C04F79EFBC}") = "HarnessLab.Infrastructure", "src\HarnessLab.Infrastructure\HarnessLab.Infrastructure.csproj", "{C9FE41B0-0B9C-42D3-A610-CF17456188AB}"
EndProject
Project("{FAE04EC0-301F-11D3-BF4B-00C04F79EFBC}") = "HarnessLab.WebApi", "src\HarnessLab.WebApi\HarnessLab.WebApi.csproj", "{DD266F18-92B2-40C2-8E9B-73CC1E9AB0CD}"
EndProject
Project("{2150E333-8FDC-42A3-9474-1A3956D46DE8}") = "tests", "tests", "{0AB3BF05-4346-4AA6-1389-037BE0695223}"
EndProject
Project("{FAE04EC0-301F-11D3-BF4B-00C04F79EFBC}") = "HarnessLab.Domain.Tests", "tests\HarnessLab.Domain.Tests\HarnessLab.Domain.Tests.csproj", "{CF4B9BEC-DBF1-41BC-A584-CE6179F9B143}"
EndProject
Project("{FAE04EC0-301F-11D3-BF4B-00C04F79EFBC}") = "HarnessLab.Application.Tests", "tests\HarnessLab.Application.Tests\HarnessLab.Application.Tests.csproj", "{C3E94FB5-4F31-4AFF-BB60-5A966685C8EE}"
EndProject
Project("{FAE04EC0-301F-11D3-BF4B-00C04F79EFBC}") = "HarnessLab.Infrastructure.Tests", "tests\HarnessLab.Infrastructure.Tests\HarnessLab.Infrastructure.Tests.csproj", "{A1BFBBA9-9A7F-4956-90BE-B5C32F020DEC}"
EndProject
Project("{FAE04EC0-301F-11D3-BF4B-00C04F79EFBC}") = "HarnessLab.WebApi.Tests", "tests\HarnessLab.WebApi.Tests\HarnessLab.WebApi.Tests.csproj", "{B95476D2-46AC-449B-A009-051E130925AA}"
EndProject
Project("{FAE04EC0-301F-11D3-BF4B-00C04F79EFBC}") = "HarnessLab.Architecture.Tests", "tests\HarnessLab.Architecture.Tests\HarnessLab.Architecture.Tests.csproj", "{D822792D-F148-4CEB-BAC8-5252553FB802}"
EndProject
Global
	GlobalSection(SolutionConfigurationPlatforms) = preSolution
		Debug|Any CPU = Debug|Any CPU
		Debug|x64 = Debug|x64
		Debug|x86 = Debug|x86
		Release|Any CPU = Release|Any CPU
		Release|x64 = Release|x64
		Release|x86 = Release|x86
	EndGlobalSection
	GlobalSection(ProjectConfigurationPlatforms) = postSolution
		{90A84723-3725-42C0-9B3A-FC17CC0EE5BF}.Debug|Any CPU.ActiveCfg = Debug|Any CPU
		{90A84723-3725-42C0-9B3A-FC17CC0EE5BF}.Debug|Any CPU.Build.0 = Debug|Any CPU
		{90A84723-3725-42C0-9B3A-FC17CC0EE5BF}.Debug|x64.ActiveCfg = Debug|Any CPU
		{90A84723-3725-42C0-9B3A-FC17CC0EE5BF}.Debug|x64.Build.0 = Debug|Any CPU
		{90A84723-3725-42C0-9B3A-FC17CC0EE5BF}.Debug|x86.ActiveCfg = Debug|Any CPU
		{90A84723-3725-42C0-9B3A-FC17CC0EE5BF}.Debug|x86.Build.0 = Debug|Any CPU
		{90A84723-3725-42C0-9B3A-FC17CC0EE5BF}.Release|Any CPU.ActiveCfg = Release|Any CPU
		{90A84723-3725-42C0-9B3A-FC17CC0EE5BF}.Release|Any CPU.Build.0 = Release|Any CPU
		{90A84723-3725-42C0-9B3A-FC17CC0EE5BF}.Release|x64.ActiveCfg = Release|Any CPU
		{90A84723-3725-42C0-9B3A-FC17CC0EE5BF}.Release|x64.Build.0 = Release|Any CPU
		{90A84723-3725-42C0-9B3A-FC17CC0EE5BF}.Release|x86.ActiveCfg = Release|Any CPU
		{90A84723-3725-42C0-9B3A-FC17CC0EE5BF}.Release|x86.Build.0 = Release|Any CPU
		{1058DE42-030B-4959-B5D9-9F17A6ED3B31}.Debug|Any CPU.ActiveCfg = Debug|Any CPU
		{1058DE42-030B-4959-B5D9-9F17A6ED3B31}.Debug|Any CPU.Build.0 = Debug|Any CPU
		{1058DE42-030B-4959-B5D9-9F17A6ED3B31}.Debug|x64.ActiveCfg = Debug|Any CPU
		{1058DE42-030B-4959-B5D9-9F17A6ED3B31}.Debug|x64.Build.0 = Debug|Any CPU
		{1058DE42-030B-4959-B5D9-9F17A6ED3B31}.Debug|x86.ActiveCfg = Debug|Any CPU
		{1058DE42-030B-4959-B5D9-9F17A6ED3B31}.Debug|x86.Build.0 = Debug|Any CPU
		{1058DE42-030B-4959-B5D9-9F17A6ED3B31}.Release|Any CPU.ActiveCfg = Release|Any CPU
		{1058DE42-030B-4959-B5D9-9F17A6ED3B31}.Release|Any CPU.Build.0 = Release|Any CPU
		{1058DE42-030B-4959-B5D9-9F17A6ED3B31}.Release|x64.ActiveCfg = Release|Any CPU
		{1058DE42-030B-4959-B5D9-9F17A6ED3B31}.Release|x64.Build.0 = Release|Any CPU
		{1058DE42-030B-4959-B5D9-9F17A6ED3B31}.Release|x86.ActiveCfg = Release|Any CPU
		{1058DE42-030B-4959-B5D9-9F17A6ED3B31}.Release|x86.Build.0 = Release|Any CPU
		{C9FE41B0-0B9C-42D3-A610-CF17456188AB}.Debug|Any CPU.ActiveCfg = Debug|Any CPU
		{C9FE41B0-0B9C-42D3-A610-CF17456188AB}.Debug|Any CPU.Build.0 = Debug|Any CPU
		{C9FE41B0-0B9C-42D3-A610-CF17456188AB}.Debug|x64.ActiveCfg = Debug|Any CPU
		{C9FE41B0-0B9C-42D3-A610-CF17456188AB}.Debug|x64.Build.0 = Debug|Any CPU
		{C9FE41B0-0B9C-42D3-A610-CF17456188AB}.Debug|x86.ActiveCfg = Debug|Any CPU
		{C9FE41B0-0B9C-42D3-A610-CF17456188AB}.Debug|x86.Build.0 = Debug|Any CPU
		{C9FE41B0-0B9C-42D3-A610-CF17456188AB}.Release|Any CPU.ActiveCfg = Release|Any CPU
		{C9FE41B0-0B9C-42D3-A610-CF17456188AB}.Release|Any CPU.Build.0 = Release|Any CPU
		{C9FE41B0-0B9C-42D3-A610-CF17456188AB}.Release|x64.ActiveCfg = Release|Any CPU
		{C9FE41B0-0B9C-42D3-A610-CF17456188AB}.Release|x64.Build.0 = Release|Any CPU
		{C9FE41B0-0B9C-42D3-A610-CF17456188AB}.Release|x86.ActiveCfg = Release|Any CPU
		{C9FE41B0-0B9C-42D3-A610-CF17456188AB}.Release|x86.Build.0 = Release|Any CPU
		{DD266F18-92B2-40C2-8E9B-73CC1E9AB0CD}.Debug|Any CPU.ActiveCfg = Debug|Any CPU
		{DD266F18-92B2-40C2-8E9B-73CC1E9AB0CD}.Debug|Any CPU.Build.0 = Debug|Any CPU
		{DD266F18-92B2-40C2-8E9B-73CC1E9AB0CD}.Debug|x64.ActiveCfg = Debug|Any CPU
		{DD266F18-92B2-40C2-8E9B-73CC1E9AB0CD}.Debug|x64.Build.0 = Debug|Any CPU
		{DD266F18-92B2-40C2-8E9B-73CC1E9AB0CD}.Debug|x86.ActiveCfg = Debug|Any CPU
		{DD266F18-92B2-40C2-8E9B-73CC1E9AB0CD}.Debug|x86.Build.0 = Debug|Any CPU
		{DD266F18-92B2-40C2-8E9B-73CC1E9AB0CD}.Release|Any CPU.ActiveCfg = Release|Any CPU
		{DD266F18-92B2-40C2-8E9B-73CC1E9AB0CD}.Release|Any CPU.Build.0 = Release|Any CPU
		{DD266F18-92B2-40C2-8E9B-73CC1E9AB0CD}.Release|x64.ActiveCfg = Release|Any CPU
		{DD266F18-92B2-40C2-8E9B-73CC1E9AB0CD}.Release|x64.Build.0 = Release|Any CPU
		{DD266F18-92B2-40C2-8E9B-73CC1E9AB0CD}.Release|x86.ActiveCfg = Release|Any CPU
		{DD266F18-92B2-40C2-8E9B-73CC1E9AB0CD}.Release|x86.Build.0 = Release|Any CPU
		{CF4B9BEC-DBF1-41BC-A584-CE6179F9B143}.Debug|Any CPU.ActiveCfg = Debug|Any CPU
		{CF4B9BEC-DBF1-41BC-A584-CE6179F9B143}.Debug|Any CPU.Build.0 = Debug|Any CPU
		{CF4B9BEC-DBF1-41BC-A584-CE6179F9B143}.Debug|x64.ActiveCfg = Debug|Any CPU
		{CF4B9BEC-DBF1-41BC-A584-CE6179F9B143}.Debug|x64.Build.0 = Debug|Any CPU
		{CF4B9BEC-DBF1-41BC-A584-CE6179F9B143}.Debug|x86.ActiveCfg = Debug|Any CPU
		{CF4B9BEC-DBF1-41BC-A584-CE6179F9B143}.Debug|x86.Build.0 = Debug|Any CPU
		{CF4B9BEC-DBF1-41BC-A584-CE6179F9B143}.Release|Any CPU.ActiveCfg = Release|Any CPU
		{CF4B9BEC-DBF1-41BC-A584-CE6179F9B143}.Release|Any CPU.Build.0 = Release|Any CPU
		{CF4B9BEC-DBF1-41BC-A584-CE6179F9B143}.Release|x64.ActiveCfg = Release|Any CPU
		{CF4B9BEC-DBF1-41BC-A584-CE6179F9B143}.Release|x64.Build.0 = Release|Any CPU
		{CF4B9BEC-DBF1-41BC-A584-CE6179F9B143}.Release|x86.ActiveCfg = Release|Any CPU
		{CF4B9BEC-DBF1-41BC-A584-CE6179F9B143}.Release|x86.Build.0 = Release|Any CPU
		{C3E94FB5-4F31-4AFF-BB60-5A966685C8EE}.Debug|Any CPU.ActiveCfg = Debug|Any CPU
		{C3E94FB5-4F31-4AFF-BB60-5A966685C8EE}.Debug|Any CPU.Build.0 = Debug|Any CPU
		{C3E94FB5-4F31-4AFF-BB60-5A966685C8EE}.Debug|x64.ActiveCfg = Debug|Any CPU
		{C3E94FB5-4F31-4AFF-BB60-5A966685C8EE}.Debug|x64.Build.0 = Debug|Any CPU
		{C3E94FB5-4F31-4AFF-BB60-5A966685C8EE}.Debug|x86.ActiveCfg = Debug|Any CPU
		{C3E94FB5-4F31-4AFF-BB60-5A966685C8EE}.Debug|x86.Build.0 = Debug|Any CPU
		{C3E94FB5-4F31-4AFF-BB60-5A966685C8EE}.Release|Any CPU.ActiveCfg = Release|Any CPU
		{C3E94FB5-4F31-4AFF-BB60-5A966685C8EE}.Release|Any CPU.Build.0 = Release|Any CPU
		{C3E94FB5-4F31-4AFF-BB60-5A966685C8EE}.Release|x64.ActiveCfg = Release|Any CPU
		{C3E94FB5-4F31-4AFF-BB60-5A966685C8EE}.Release|x64.Build.0 = Release|Any CPU
		{C3E94FB5-4F31-4AFF-BB60-5A966685C8EE}.Release|x86.ActiveCfg = Release|Any CPU
		{C3E94FB5-4F31-4AFF-BB60-5A966685C8EE}.Release|x86.Build.0 = Release|Any CPU
		{A1BFBBA9-9A7F-4956-90BE-B5C32F020DEC}.Debug|Any CPU.ActiveCfg = Debug|Any CPU
		{A1BFBBA9-9A7F-4956-90BE-B5C32F020DEC}.Debug|Any CPU.Build.0 = Debug|Any CPU
		{A1BFBBA9-9A7F-4956-90BE-B5C32F020DEC}.Debug|x64.ActiveCfg = Debug|Any CPU
		{A1BFBBA9-9A7F-4956-90BE-B5C32F020DEC}.Debug|x64.Build.0 = Debug|Any CPU
		{A1BFBBA9-9A7F-4956-90BE-B5C32F020DEC}.Debug|x86.ActiveCfg = Debug|Any CPU
		{A1BFBBA9-9A7F-4956-90BE-B5C32F020DEC}.Debug|x86.Build.0 = Debug|Any CPU
		{A1BFBBA9-9A7F-4956-90BE-B5C32F020DEC}.Release|Any CPU.ActiveCfg = Release|Any CPU
		{A1BFBBA9-9A7F-4956-90BE-B5C32F020DEC}.Release|Any CPU.Build.0 = Release|Any CPU
		{A1BFBBA9-9A7F-4956-90BE-B5C32F020DEC}.Release|x64.ActiveCfg = Release|Any CPU
		{A1BFBBA9-9A7F-4956-90BE-B5C32F020DEC}.Release|x64.Build.0 = Release|Any CPU
		{A1BFBBA9-9A7F-4956-90BE-B5C32F020DEC}.Release|x86.ActiveCfg = Release|Any CPU
		{A1BFBBA9-9A7F-4956-90BE-B5C32F020DEC}.Release|x86.Build.0 = Release|Any CPU
		{B95476D2-46AC-449B-A009-051E130925AA}.Debug|Any CPU.ActiveCfg = Debug|Any CPU
		{B95476D2-46AC-449B-A009-051E130925AA}.Debug|Any CPU.Build.0 = Debug|Any CPU
		{B95476D2-46AC-449B-A009-051E130925AA}.Debug|x64.ActiveCfg = Debug|Any CPU
		{B95476D2-46AC-449B-A009-051E130925AA}.Debug|x64.Build.0 = Debug|Any CPU
		{B95476D2-46AC-449B-A009-051E130925AA}.Debug|x86.ActiveCfg = Debug|Any CPU
		{B95476D2-46AC-449B-A009-051E130925AA}.Debug|x86.Build.0 = Debug|Any CPU
		{B95476D2-46AC-449B-A009-051E130925AA}.Release|Any CPU.ActiveCfg = Release|Any CPU
		{B95476D2-46AC-449B-A009-051E130925AA}.Release|Any CPU.Build.0 = Release|Any CPU
		{B95476D2-46AC-449B-A009-051E130925AA}.Release|x64.ActiveCfg = Release|Any CPU
		{B95476D2-46AC-449B-A009-051E130925AA}.Release|x64.Build.0 = Release|Any CPU
		{B95476D2-46AC-449B-A009-051E130925AA}.Release|x86.ActiveCfg = Release|Any CPU
		{B95476D2-46AC-449B-A009-051E130925AA}.Release|x86.Build.0 = Release|Any CPU
		{D822792D-F148-4CEB-BAC8-5252553FB802}.Debug|Any CPU.ActiveCfg = Debug|Any CPU
		{D822792D-F148-4CEB-BAC8-5252553FB802}.Debug|Any CPU.Build.0 = Debug|Any CPU
		{D822792D-F148-4CEB-BAC8-5252553FB802}.Debug|x64.ActiveCfg = Debug|Any CPU
		{D822792D-F148-4CEB-BAC8-5252553FB802}.Debug|x64.Build.0 = Debug|Any CPU
		{D822792D-F148-4CEB-BAC8-5252553FB802}.Debug|x86.ActiveCfg = Debug|Any CPU
		{D822792D-F148-4CEB-BAC8-5252553FB802}.Debug|x86.Build.0 = Debug|Any CPU
		{D822792D-F148-4CEB-BAC8-5252553FB802}.Release|Any CPU.ActiveCfg = Release|Any CPU
		{D822792D-F148-4CEB-BAC8-5252553FB802}.Release|Any CPU.Build.0 = Release|Any CPU
		{D822792D-F148-4CEB-BAC8-5252553FB802}.Release|x64.ActiveCfg = Release|Any CPU
		{D822792D-F148-4CEB-BAC8-5252553FB802}.Release|x64.Build.0 = Release|Any CPU
		{D822792D-F148-4CEB-BAC8-5252553FB802}.Release|x86.ActiveCfg = Release|Any CPU
		{D822792D-F148-4CEB-BAC8-5252553FB802}.Release|x86.Build.0 = Release|Any CPU
	EndGlobalSection
	GlobalSection(SolutionProperties) = preSolution
		HideSolutionNode = FALSE
	EndGlobalSection
	GlobalSection(NestedProjects) = preSolution
		{90A84723-3725-42C0-9B3A-FC17CC0EE5BF} = {827E0CD3-B72D-47B6-A68D-7590B98EB39B}
		{1058DE42-030B-4959-B5D9-9F17A6ED3B31} = {827E0CD3-B72D-47B6-A68D-7590B98EB39B}
		{C9FE41B0-0B9C-42D3-A610-CF17456188AB} = {827E0CD3-B72D-47B6-A68D-7590B98EB39B}
		{DD266F18-92B2-40C2-8E9B-73CC1E9AB0CD} = {827E0CD3-B72D-47B6-A68D-7590B98EB39B}
		{CF4B9BEC-DBF1-41BC-A584-CE6179F9B143} = {0AB3BF05-4346-4AA6-1389-037BE0695223}
		{C3E94FB5-4F31-4AFF-BB60-5A966685C8EE} = {0AB3BF05-4346-4AA6-1389-037BE0695223}
		{A1BFBBA9-9A7F-4956-90BE-B5C32F020DEC} = {0AB3BF05-4346-4AA6-1389-037BE0695223}
		{B95476D2-46AC-449B-A009-051E130925AA} = {0AB3BF05-4346-4AA6-1389-037BE0695223}
		{D822792D-F148-4CEB-BAC8-5252553FB802} = {0AB3BF05-4346-4AA6-1389-037BE0695223}
	EndGlobalSection
EndGlobal
